
Microsoft Visual Studio Solution File, Format Version 12.00
# Visual Studio Version 16
VisualStudioVersion = 16.0.29306.81
MinimumVisualStudioVersion = 10.0.40219.1
Project("{6989167D-11E4-40FE-8C1A-2192A86A7E90}") = "MODSIM-GSFLOW-DLL", "..\MODSIM-GSFLOW-DLL\MODSIM-GSFLOW-DLL.vfproj", "{AC171F2B-A6AF-4A76-9222-BF49AF3E30BF}"
EndProject
Project("{FAE04EC0-301F-11D3-BF4B-00C04F79EFBC}") = "MODSIM_GSFLOW_Run", "..\..\modsim.git\MODSIM_GSFLOW_Run\MODSIM_GSFLOW_Run.csproj", "{0666B2FF-0AE6-4505-82EA-2F4F95BD8B0A}"
	ProjectSection(ProjectDependencies) = postProject
		{AC171F2B-A6AF-4A76-9222-BF49AF3E30BF} = {AC171F2B-A6AF-4A76-9222-BF49AF3E30BF}
	EndProjectSection
EndProject
Project("{FAE04EC0-301F-11D3-BF4B-00C04F79EFBC}") = "MODSIM_GSFLOW_DLL", "..\..\modsim.git\MODSIM_GSFLOW_DLL\MODSIM_GSFLOW_DLL.csproj", "{B23549E7-3C1B-43B5-867C-BA30112BEAD6}"
EndProject
Global
	GlobalSection(SolutionConfigurationPlatforms) = preSolution
		Debug|Any CPU = Debug|Any CPU
		Debug|Win32 = Debug|Win32
		Debug|x64 = Debug|x64
		Debug|x86 = Debug|x86
		Release|Any CPU = Release|Any CPU
		Release|Win32 = Release|Win32
		Release|x64 = Release|x64
		Release|x86 = Release|x86
	EndGlobalSection
	GlobalSection(ProjectConfigurationPlatforms) = postSolution
		{AC171F2B-A6AF-4A76-9222-BF49AF3E30BF}.Debug|Any CPU.ActiveCfg = Debug|Win32
		{AC171F2B-A6AF-4A76-9222-BF49AF3E30BF}.Debug|Win32.ActiveCfg = Debug|Win32
		{AC171F2B-A6AF-4A76-9222-BF49AF3E30BF}.Debug|Win32.Build.0 = Debug|Win32
		{AC171F2B-A6AF-4A76-9222-BF49AF3E30BF}.Debug|x64.ActiveCfg = Debug|x64
		{AC171F2B-A6AF-4A76-9222-BF49AF3E30BF}.Debug|x64.Build.0 = Debug|x64
		{AC171F2B-A6AF-4A76-9222-BF49AF3E30BF}.Debug|x86.ActiveCfg = Debug|Win32
		{AC171F2B-A6AF-4A76-9222-BF49AF3E30BF}.Debug|x86.Build.0 = Debug|Win32
		{AC171F2B-A6AF-4A76-9222-BF49AF3E30BF}.Release|Any CPU.ActiveCfg = Release|Win32
		{AC171F2B-A6AF-4A76-9222-BF49AF3E30BF}.Release|Win32.ActiveCfg = Release|Win32
		{AC171F2B-A6AF-4A76-9222-BF49AF3E30BF}.Release|Win32.Build.0 = Release|Win32
		{AC171F2B-A6AF-4A76-9222-BF49AF3E30BF}.Release|x64.ActiveCfg = Release|x64
		{AC171F2B-A6AF-4A76-9222-BF49AF3E30BF}.Release|x64.Build.0 = Release|x64
		{AC171F2B-A6AF-4A76-9222-BF49AF3E30BF}.Release|x86.ActiveCfg = Release|Win32
		{AC171F2B-A6AF-4A76-9222-BF49AF3E30BF}.Release|x86.Build.0 = Release|Win32
		{0666B2FF-0AE6-4505-82EA-2F4F95BD8B0A}.Debug|Any CPU.ActiveCfg = Debug|Any CPU
		{0666B2FF-0AE6-4505-82EA-2F4F95BD8B0A}.Debug|Any CPU.Build.0 = Debug|Any CPU
		{0666B2FF-0AE6-4505-82EA-2F4F95BD8B0A}.Debug|Win32.ActiveCfg = Debug|x86
		{0666B2FF-0AE6-4505-82EA-2F4F95BD8B0A}.Debug|Win32.Build.0 = Debug|x86
		{0666B2FF-0AE6-4505-82EA-2F4F95BD8B0A}.Debug|x64.ActiveCfg = Debug|x64
		{0666B2FF-0AE6-4505-82EA-2F4F95BD8B0A}.Debug|x64.Build.0 = Debug|x64
		{0666B2FF-0AE6-4505-82EA-2F4F95BD8B0A}.Debug|x86.ActiveCfg = Debug|x86
		{0666B2FF-0AE6-4505-82EA-2F4F95BD8B0A}.Debug|x86.Build.0 = Debug|x86
		{0666B2FF-0AE6-4505-82EA-2F4F95BD8B0A}.Release|Any CPU.ActiveCfg = Release|Any CPU
		{0666B2FF-0AE6-4505-82EA-2F4F95BD8B0A}.Release|Any CPU.Build.0 = Release|Any CPU
		{0666B2FF-0AE6-4505-82EA-2F4F95BD8B0A}.Release|Win32.ActiveCfg = Release|x86
		{0666B2FF-0AE6-4505-82EA-2F4F95BD8B0A}.Release|Win32.Build.0 = Release|x86
		{0666B2FF-0AE6-4505-82EA-2F4F95BD8B0A}.Release|x64.ActiveCfg = Release|x64
		{0666B2FF-0AE6-4505-82EA-2F4F95BD8B0A}.Release|x64.Build.0 = Release|x64
		{0666B2FF-0AE6-4505-82EA-2F4F95BD8B0A}.Release|x86.ActiveCfg = Release|x86
		{0666B2FF-0AE6-4505-82EA-2F4F95BD8B0A}.Release|x86.Build.0 = Release|x86
		{B23549E7-3C1B-43B5-867C-BA30112BEAD6}.Debug|Any CPU.ActiveCfg = Debug|Any CPU
		{B23549E7-3C1B-43B5-867C-BA30112BEAD6}.Debug|Any CPU.Build.0 = Debug|Any CPU
		{B23549E7-3C1B-43B5-867C-BA30112BEAD6}.Debug|Win32.ActiveCfg = Debug|x86
		{B23549E7-3C1B-43B5-867C-BA30112BEAD6}.Debug|Win32.Build.0 = Debug|x86
		{B23549E7-3C1B-43B5-867C-BA30112BEAD6}.Debug|x64.ActiveCfg = Debug|x64
		{B23549E7-3C1B-43B5-867C-BA30112BEAD6}.Debug|x64.Build.0 = Debug|x64
		{B23549E7-3C1B-43B5-867C-BA30112BEAD6}.Debug|x86.ActiveCfg = Debug|x86
		{B23549E7-3C1B-43B5-867C-BA30112BEAD6}.Debug|x86.Build.0 = Debug|x86
		{B23549E7-3C1B-43B5-867C-BA30112BEAD6}.Release|Any CPU.ActiveCfg = Release|Any CPU
		{B23549E7-3C1B-43B5-867C-BA30112BEAD6}.Release|Any CPU.Build.0 = Release|Any CPU
		{B23549E7-3C1B-43B5-867C-BA30112BEAD6}.Release|Win32.ActiveCfg = Release|x86
		{B23549E7-3C1B-43B5-867C-BA30112BEAD6}.Release|Win32.Build.0 = Release|x86
		{B23549E7-3C1B-43B5-867C-BA30112BEAD6}.Release|x64.ActiveCfg = Release|x64
		{B23549E7-3C1B-43B5-867C-BA30112BEAD6}.Release|x64.Build.0 = Release|x64
		{B23549E7-3C1B-43B5-867C-BA30112BEAD6}.Release|x86.ActiveCfg = Release|x86
		{B23549E7-3C1B-43B5-867C-BA30112BEAD6}.Release|x86.Build.0 = Release|x86
	EndGlobalSection
	GlobalSection(SolutionProperties) = preSolution
		HideSolutionNode = FALSE
	EndGlobalSection
	GlobalSection(ExtensibilityGlobals) = postSolution
		SolutionGuid = {E2D84E7E-4D87-45D1-B17E-A961F5E04FC0}
	EndGlobalSection
EndGlobal
