<?xml version="1.0" encoding="utf-8"?>
<Project ToolsVersion="4.0" xmlns="http://schemas.microsoft.com/developer/msbuild/2003">
  <ItemGroup>
    <Filter Include="Source Files">
      <UniqueIdentifier>{4FC737F1-C7A5-4376-A066-2A32D752A2FF}</UniqueIdentifier>
      <Extensions>cpp;c;cc;cxx;def;odl;idl;hpj;bat;asm;asmx</Extensions>
    </Filter>
    <Filter Include="Header Files">
      <UniqueIdentifier>{93995380-89BD-4b04-88EB-625FBE52EBFB}</UniqueIdentifier>
      <Extensions>h;hpp;hxx;hm;inl;inc;xsd</Extensions>
    </Filter>
    <Filter Include="Resource Files">
      <UniqueIdentifier>{67DA6AB6-F800-4c08-8B7A-83BB121AAD01}</UniqueIdentifier>
      <Extensions>rc;ico;cur;bmp;dlg;rc2;rct;bin;rgs;gif;jpg;jpeg;jpe;resx;tiff;tif;png;wav</Extensions>
    </Filter>
  </ItemGroup>
  <ItemGroup>
    <Text Include="ReadMe.txt" />
  </ItemGroup>
  <ItemGroup>
    <ClCompile Include="..\GSFLOW\src\mmf\alloc_space.c">
      <Filter>Source Files</Filter>
    </ClCompile>
    <ClCompile Include="..\GSFLOW\src\mmf\batch_run.c">
      <Filter>Source Files</Filter>
    </ClCompile>
    <ClCompile Include="..\GSFLOW\src\mmf\batch_run_functions.c">
      <Filter>Source Files</Filter>
    </ClCompile>
    <ClCompile Include="..\GSFLOW\src\mmf\build_lists.c">
      <Filter>Source Files</Filter>
    </ClCompile>
    <ClCompile Include="..\GSFLOW\src\mmf\call_modules.c">
      <Filter>Source Files</Filter>
    </ClCompile>
    <ClCompile Include="..\GSFLOW\src\mmf\call_setdims.c">
      <Filter>Source Files</Filter>
    </ClCompile>
    <ClCompile Include="..\GSFLOW\src\mmf\check_vars.c">
      <Filter>Source Files</Filter>
    </ClCompile>
    <ClCompile Include="..\GSFLOW\src\mmf\control_addr.c">
      <Filter>Source Files</Filter>
    </ClCompile>
    <ClCompile Include="..\GSFLOW\src\mmf\control_array.c">
      <Filter>Source Files</Filter>
    </ClCompile>
    <ClCompile Include="..\GSFLOW\src\mmf\control_var.c">
      <Filter>Source Files</Filter>
    </ClCompile>
    <ClCompile Include="..\GSFLOW\src\mmf\create_vstats.c">
      <Filter>Source Files</Filter>
    </ClCompile>
    <ClCompile Include="..\GSFLOW\src\mmf\decl_control.c">
      <Filter>Source Files</Filter>
    </ClCompile>
    <ClCompile Include="..\GSFLOW\src\mmf\decldim.c">
      <Filter>Source Files</Filter>
    </ClCompile>
    <ClCompile Include="..\GSFLOW\src\mmf\declparam.c">
      <Filter>Source Files</Filter>
    </ClCompile>
    <ClCompile Include="..\GSFLOW\src\mmf\declvar.c">
      <Filter>Source Files</Filter>
    </ClCompile>
    <ClCompile Include="..\GSFLOW\src\mmf\dim_addr.c">
      <Filter>Source Files</Filter>
    </ClCompile>
    <ClCompile Include="..\GSFLOW\src\mmf\free_vstats.c">
      <Filter>Source Files</Filter>
    </ClCompile>
    <ClCompile Include="..\GSFLOW\src\mmf\get_elem_add.c">
      <Filter>Source Files</Filter>
    </ClCompile>
    <ClCompile Include="..\GSFLOW\src\mmf\get_times.c">
      <Filter>Source Files</Filter>
    </ClCompile>
    <ClCompile Include="..\GSFLOW\src\mmf\getdim.c">
      <Filter>Source Files</Filter>
    </ClCompile>
    <ClCompile Include="..\GSFLOW\src\mmf\getdimname.c">
      <Filter>Source Files</Filter>
    </ClCompile>
    <ClCompile Include="..\GSFLOW\src\mmf\getparam.c">
      <Filter>Source Files</Filter>
    </ClCompile>
    <ClCompile Include="..\GSFLOW\src\mmf\getvar.c">
      <Filter>Source Files</Filter>
    </ClCompile>
    <ClCompile Include="..\GSFLOW\src\mmf\graph_single_run.c">
      <Filter>Source Files</Filter>
    </ClCompile>
    <ClCompile Include="..\GSFLOW\src\mmf\julconvert.c">
      <Filter>Source Files</Filter>
    </ClCompile>
    <ClCompile Include="..\GSFLOW\src\mmf\julday.c">
      <Filter>Source Files</Filter>
    </ClCompile>
    <ClCompile Include="..\GSFLOW\src\mmf\load_param.c">
      <Filter>Source Files</Filter>
    </ClCompile>
    <ClCompile Include="..\GSFLOW\src\mmf\mmf.c">
      <Filter>Source Files</Filter>
    </ClCompile>
    <ClCompile Include="..\GSFLOW\src\mmf\param_addr.c">
      <Filter>Source Files</Filter>
    </ClCompile>
    <ClCompile Include="..\GSFLOW\src\mmf\parse_args.c">
      <Filter>Source Files</Filter>
    </ClCompile>
    <ClCompile Include="..\GSFLOW\src\mmf\print_model_info.c">
      <Filter>Source Files</Filter>
    </ClCompile>
    <ClCompile Include="..\GSFLOW\src\mmf\print_params.c">
      <Filter>Source Files</Filter>
    </ClCompile>
    <ClCompile Include="..\GSFLOW\src\mmf\print_vars.c">
      <Filter>Source Files</Filter>
    </ClCompile>
    <ClCompile Include="..\GSFLOW\src\mmf\putvar.c">
      <Filter>Source Files</Filter>
    </ClCompile>
    <ClCompile Include="..\GSFLOW\src\mmf\read_control.c">
      <Filter>Source Files</Filter>
    </ClCompile>
    <ClCompile Include="..\GSFLOW\src\mmf\read_datainfo.c">
      <Filter>Source Files</Filter>
    </ClCompile>
    <ClCompile Include="..\GSFLOW\src\mmf\read_line.c">
      <Filter>Source Files</Filter>
    </ClCompile>
    <ClCompile Include="..\GSFLOW\src\mmf\read_params.c">
      <Filter>Source Files</Filter>
    </ClCompile>
    <ClCompile Include="..\GSFLOW\src\mmf\read_vars.c">
      <Filter>Source Files</Filter>
    </ClCompile>
    <ClCompile Include="..\GSFLOW\src\mmf\readvar.c">
      <Filter>Source Files</Filter>
    </ClCompile>
    <ClCompile Include="..\GSFLOW\src\mmf\reset_dim.c">
      <Filter>Source Files</Filter>
    </ClCompile>
    <ClCompile Include="..\GSFLOW\src\mmf\save_params.c">
      <Filter>Source Files</Filter>
    </ClCompile>
    <ClCompile Include="..\GSFLOW\src\mmf\setup_cont.c">
      <Filter>Source Files</Filter>
    </ClCompile>
    <ClCompile Include="..\GSFLOW\src\mmf\sort_dims.c">
      <Filter>Source Files</Filter>
    </ClCompile>
    <ClCompile Include="..\GSFLOW\src\mmf\sort_params.c">
      <Filter>Source Files</Filter>
    </ClCompile>
    <ClCompile Include="..\GSFLOW\src\mmf\sort_vars.c">
      <Filter>Source Files</Filter>
    </ClCompile>
    <ClCompile Include="..\GSFLOW\src\mmf\str_to_vals.c">
      <Filter>Source Files</Filter>
    </ClCompile>
    <ClCompile Include="..\GSFLOW\src\mmf\timing.c">
      <Filter>Source Files</Filter>
    </ClCompile>
    <ClCompile Include="..\GSFLOW\src\mmf\umalloc_etc.c">
      <Filter>Source Files</Filter>
    </ClCompile>
    <ClCompile Include="..\GSFLOW\src\mmf\var_addr.c">
      <Filter>Source Files</Filter>
    </ClCompile>
    <ClCompile Include="..\GSFLOW\src\mmf\write_vstats.c">
      <Filter>Source Files</Filter>
    </ClCompile>
  </ItemGroup>
  <ItemGroup>
    <ClInclude Include="..\GSFLOW\src\mmf\defs.h">
      <Filter>Source Files</Filter>
    </ClInclude>
    <ClInclude Include="..\GSFLOW\src\mmf\globals.h">
      <Filter>Source Files</Filter>
    </ClInclude>
    <ClInclude Include="..\GSFLOW\src\mmf\mms.h">
      <Filter>Source Files</Filter>
    </ClInclude>
    <ClInclude Include="..\GSFLOW\src\mmf\protos.h">
      <Filter>Source Files</Filter>
    </ClInclude>
    <ClInclude Include="..\GSFLOW\src\mmf\structs.h">
      <Filter>Source Files</Filter>
    </ClInclude>
  </ItemGroup>
  <ItemGroup>
    <None Include="..\GSFLOW\src\mmf\Makefile">
      <Filter>Source Files</Filter>
    </None>
  </ItemGroup>
</Project>